
Microsoft Visual Studio Solution File, Format Version 12.00
# Visual Studio Version 16
VisualStudioVersion = 16.0.31727.386
MinimumVisualStudioVersion = 10.0.40219.1
Project("{9A19103F-16F7-4668-BE54-9A1E7A4F7556}") = "WinForms", "WinForms\WinForms.csproj", "{F1D69300-8709-426F-B727-1D8375855030}"
EndProject
Project("{FAE04EC0-301F-11D3-BF4B-00C04F79EFBC}") = "MyLibrary", "MyLibrary\MyLibrary.csproj", "{5E89908F-6C67-4AF3-96F8-C328856B8750}"
EndProject
Global
	GlobalSection(SolutionConfigurationPlatforms) = preSolution
		Debug|Any CPU = Debug|Any CPU
		Release|Any CPU = Release|Any CPU
	EndGlobalSection
	GlobalSection(ProjectConfigurationPlatforms) = postSolution
		{F1D69300-8709-426F-B727-1D8375855030}.Debug|Any CPU.ActiveCfg = Debug|Any CPU
		{F1D69300-8709-426F-B727-1D8375855030}.Debug|Any CPU.Build.0 = Debug|Any CPU
		{F1D69300-8709-426F-B727-1D8375855030}.Release|Any CPU.ActiveCfg = Release|Any CPU
		{F1D69300-8709-426F-B727-1D8375855030}.Release|Any CPU.Build.0 = Release|Any CPU
		{5E89908F-6C67-4AF3-96F8-C328856B8750}.Debug|Any CPU.ActiveCfg = Debug|Any CPU
		{5E89908F-6C67-4AF3-96F8-C328856B8750}.Debug|Any CPU.Build.0 = Debug|Any CPU
		{5E89908F-6C67-4AF3-96F8-C328856B8750}.Release|Any CPU.ActiveCfg = Release|Any CPU
		{5E89908F-6C67-4AF3-96F8-C328856B8750}.Release|Any CPU.Build.0 = Release|Any CPU
	EndGlobalSection
	GlobalSection(SolutionProperties) = preSolution
		HideSolutionNode = FALSE
	EndGlobalSection
	GlobalSection(ExtensibilityGlobals) = postSolution
		SolutionGuid = {0223851D-7F31-40DB-AFB2-2BB8528497F9}
	EndGlobalSection
EndGlobal
